// !$*UTF8*$!
{
	archiveVersion = 1;
	classes = {
	};
	objectVersion = 46;
	objects = {

/* Begin PBXBuildFile section */
		1903F3701510E5EC00807542 /* InfoPlist.strings in Resources */ = {isa = PBXBuildFile; fileRef = 1903F36A1510E5EC00807542 /* InfoPlist.strings */; };
		1903F3711510E5EC00807542 /* MainWindow.xib in Resources */ = {isa = PBXBuildFile; fileRef = 1903F36C1510E5EC00807542 /* MainWindow.xib */; };
		1903F3721510E5EC00807542 /* MEXWavingViewController.xib in Resources */ = {isa = PBXBuildFile; fileRef = 1903F36E1510E5EC00807542 /* MEXWavingViewController.xib */; };
		1903F3A81510E6C000807542 /* icon-group@2x.png in Resources */ = {isa = PBXBuildFile; fileRef = 1903F39E1510E6C000807542 /* icon-group@2x.png */; };
		1903F3A91510E6C000807542 /* icon-stadium@2x.png in Resources */ = {isa = PBXBuildFile; fileRef = 1903F39F1510E6C000807542 /* icon-stadium@2x.png */; };
		1903F3AA1510E6C000807542 /* icon-music@2x.png in Resources */ = {isa = PBXBuildFile; fileRef = 1903F3A01510E6C000807542 /* icon-music@2x.png */; };
		1903F3AB1510E6C000807542 /* button-m@2x.png in Resources */ = {isa = PBXBuildFile; fileRef = 1903F3A11510E6C000807542 /* button-m@2x.png */; };
		1903F3AC1510E6C000807542 /* button-separator@2x.png in Resources */ = {isa = PBXBuildFile; fileRef = 1903F3A21510E6C000807542 /* button-separator@2x.png */; };
		1903F3AD1510E6C000807542 /* button-l@2x.png in Resources */ = {isa = PBXBuildFile; fileRef = 1903F3A31510E6C000807542 /* button-l@2x.png */; };
		1903F3AE1510E6C000807542 /* button-r@2x.png in Resources */ = {isa = PBXBuildFile; fileRef = 1903F3A41510E6C000807542 /* button-r@2x.png */; };
		1903F3AF1510E6C000807542 /* light-blob@2x.png in Resources */ = {isa = PBXBuildFile; fileRef = 1903F3A51510E6C000807542 /* light-blob@2x.png */; };
		1903F3B01510E6C000807542 /* flare@2x.png in Resources */ = {isa = PBXBuildFile; fileRef = 1903F3A61510E6C000807542 /* flare@2x.png */; };
		1903F3B11510E6C000807542 /* background@2x.png in Resources */ = {isa = PBXBuildFile; fileRef = 1903F3A71510E6C000807542 /* background@2x.png */; };
		1903F3C01510EC2800807542 /* light-blob.png in Resources */ = {isa = PBXBuildFile; fileRef = 1903F3B61510EC2200807542 /* light-blob.png */; };
		1903F3C11510EC2800807542 /* icon-stadium.png in Resources */ = {isa = PBXBuildFile; fileRef = 1903F3B71510EC2200807542 /* icon-stadium.png */; };
		1903F3C21510EC2800807542 /* icon-music.png in Resources */ = {isa = PBXBuildFile; fileRef = 1903F3B81510EC2300807542 /* icon-music.png */; };
		1903F3C31510EC2800807542 /* icon-group.png in Resources */ = {isa = PBXBuildFile; fileRef = 1903F3B91510EC2400807542 /* icon-group.png */; };
		1903F3C41510EC2800807542 /* flare.png in Resources */ = {isa = PBXBuildFile; fileRef = 1903F3BA1510EC2400807542 /* flare.png */; };
		1903F3C51510EC2800807542 /* button-separator.png in Resources */ = {isa = PBXBuildFile; fileRef = 1903F3BB1510EC2400807542 /* button-separator.png */; };
		1903F3C61510EC2800807542 /* button-r.png in Resources */ = {isa = PBXBuildFile; fileRef = 1903F3BC1510EC2500807542 /* button-r.png */; };
		1903F3C71510EC2800807542 /* button-m.png in Resources */ = {isa = PBXBuildFile; fileRef = 1903F3BD1510EC2600807542 /* button-m.png */; };
		1903F3C81510EC2800807542 /* button-l.png in Resources */ = {isa = PBXBuildFile; fileRef = 1903F3BE1510EC2800807542 /* button-l.png */; };
		1903F3C91510EC2800807542 /* background.png in Resources */ = {isa = PBXBuildFile; fileRef = 1903F3BF1510EC2800807542 /* background.png */; };
		1903F3CD1510F23A00807542 /* MEXWaveFxView.m in Sources */ = {isa = PBXBuildFile; fileRef = 1903F3CC1510F23A00807542 /* MEXWaveFxView.m */; };
		1903F3D01510F50C00807542 /* MEXLampView.m in Sources */ = {isa = PBXBuildFile; fileRef = 1903F3CF1510F50B00807542 /* MEXLampView.m */; };
		1903F3D8151236BB00807542 /* MEXCrowdTypeSelectionControl.m in Sources */ = {isa = PBXBuildFile; fileRef = 1903F3D7151236B900807542 /* MEXCrowdTypeSelectionControl.m */; };
		199CB60514FEA3CA00A16A97 /* UIKit.framework in Frameworks */ = {isa = PBXBuildFile; fileRef = 199CB60414FEA3CA00A16A97 /* UIKit.framework */; };
		199CB60714FEA3CA00A16A97 /* Foundation.framework in Frameworks */ = {isa = PBXBuildFile; fileRef = 199CB60614FEA3CA00A16A97 /* Foundation.framework */; };
		199CB60914FEA3CA00A16A97 /* CoreGraphics.framework in Frameworks */ = {isa = PBXBuildFile; fileRef = 199CB60814FEA3CA00A16A97 /* CoreGraphics.framework */; };
		199CB60F14FEA3CA00A16A97 /* InfoPlist.strings in Resources */ = {isa = PBXBuildFile; fileRef = 199CB60D14FEA3CA00A16A97 /* InfoPlist.strings */; };
		199CB61114FEA3CA00A16A97 /* main.m in Sources */ = {isa = PBXBuildFile; fileRef = 199CB61014FEA3CA00A16A97 /* main.m */; };
		199CB61514FEA3CA00A16A97 /* MEXAppDelegate.m in Sources */ = {isa = PBXBuildFile; fileRef = 199CB61414FEA3CA00A16A97 /* MEXAppDelegate.m */; };
		199CB62C14FEA47C00A16A97 /* MEXWavingViewController.m in Sources */ = {isa = PBXBuildFile; fileRef = 199CB62A14FEA47C00A16A97 /* MEXWavingViewController.m */; };
		199CB63214FEAAC000A16A97 /* MEXWaveModel.m in Sources */ = {isa = PBXBuildFile; fileRef = 199CB63114FEAABF00A16A97 /* MEXWaveModel.m */; };
		199CB63514FF84DE00A16A97 /* MEXCalibrationModel.m in Sources */ = {isa = PBXBuildFile; fileRef = 199CB63414FF84DD00A16A97 /* MEXCalibrationModel.m */; };
		199CB63E14FF8FF700A16A97 /* CoreLocation.framework in Frameworks */ = {isa = PBXBuildFile; fileRef = 199CB63D14FF8FF700A16A97 /* CoreLocation.framework */; };
/* End PBXBuildFile section */

/* Begin PBXFileReference section */
		1903F36B1510E5EC00807542 /* en */ = {isa = PBXFileReference; lastKnownFileType = text.plist.strings; name = en; path = InfoPlist.strings; sourceTree = "<group>"; };
		1903F36D1510E5EC00807542 /* en */ = {isa = PBXFileReference; lastKnownFileType = file.xib; name = en; path = MainWindow.xib; sourceTree = "<group>"; };
		1903F36F1510E5EC00807542 /* en */ = {isa = PBXFileReference; lastKnownFileType = file.xib; name = en; path = MEXWavingViewController.xib; sourceTree = "<group>"; };
		1903F39E1510E6C000807542 /* icon-group@2x.png */ = {isa = PBXFileReference; lastKnownFileType = image.png; path = "icon-group@2x.png"; sourceTree = "<group>"; };
		1903F39F1510E6C000807542 /* icon-stadium@2x.png */ = {isa = PBXFileReference; lastKnownFileType = image.png; path = "icon-stadium@2x.png"; sourceTree = "<group>"; };
		1903F3A01510E6C000807542 /* icon-music@2x.png */ = {isa = PBXFileReference; lastKnownFileType = image.png; path = "icon-music@2x.png"; sourceTree = "<group>"; };
		1903F3A11510E6C000807542 /* button-m@2x.png */ = {isa = PBXFileReference; lastKnownFileType = image.png; path = "button-m@2x.png"; sourceTree = "<group>"; };
		1903F3A21510E6C000807542 /* button-separator@2x.png */ = {isa = PBXFileReference; lastKnownFileType = image.png; path = "button-separator@2x.png"; sourceTree = "<group>"; };
		1903F3A31510E6C000807542 /* button-l@2x.png */ = {isa = PBXFileReference; lastKnownFileType = image.png; path = "button-l@2x.png"; sourceTree = "<group>"; };
		1903F3A41510E6C000807542 /* button-r@2x.png */ = {isa = PBXFileReference; lastKnownFileType = image.png; path = "button-r@2x.png"; sourceTree = "<group>"; };
		1903F3A51510E6C000807542 /* light-blob@2x.png */ = {isa = PBXFileReference; lastKnownFileType = image.png; path = "light-blob@2x.png"; sourceTree = "<group>"; };
		1903F3A61510E6C000807542 /* flare@2x.png */ = {isa = PBXFileReference; lastKnownFileType = image.png; path = "flare@2x.png"; sourceTree = "<group>"; };
		1903F3A71510E6C000807542 /* background@2x.png */ = {isa = PBXFileReference; lastKnownFileType = image.png; path = "background@2x.png"; sourceTree = "<group>"; };
		1903F3B61510EC2200807542 /* light-blob.png */ = {isa = PBXFileReference; lastKnownFileType = image.png; path = "light-blob.png"; sourceTree = "<group>"; };
		1903F3B71510EC2200807542 /* icon-stadium.png */ = {isa = PBXFileReference; lastKnownFileType = image.png; path = "icon-stadium.png"; sourceTree = "<group>"; };
		1903F3B81510EC2300807542 /* icon-music.png */ = {isa = PBXFileReference; lastKnownFileType = image.png; path = "icon-music.png"; sourceTree = "<group>"; };
		1903F3B91510EC2400807542 /* icon-group.png */ = {isa = PBXFileReference; lastKnownFileType = image.png; path = "icon-group.png"; sourceTree = "<group>"; };
		1903F3BA1510EC2400807542 /* flare.png */ = {isa = PBXFileReference; lastKnownFileType = image.png; path = flare.png; sourceTree = "<group>"; };
		1903F3BB1510EC2400807542 /* button-separator.png */ = {isa = PBXFileReference; lastKnownFileType = image.png; path = "button-separator.png"; sourceTree = "<group>"; };
		1903F3BC1510EC2500807542 /* button-r.png */ = {isa = PBXFileReference; lastKnownFileType = image.png; path = "button-r.png"; sourceTree = "<group>"; };
		1903F3BD1510EC2600807542 /* button-m.png */ = {isa = PBXFileReference; lastKnownFileType = image.png; path = "button-m.png"; sourceTree = "<group>"; };
		1903F3BE1510EC2800807542 /* button-l.png */ = {isa = PBXFileReference; lastKnownFileType = image.png; path = "button-l.png"; sourceTree = "<group>"; };
		1903F3BF1510EC2800807542 /* background.png */ = {isa = PBXFileReference; lastKnownFileType = image.png; path = background.png; sourceTree = "<group>"; };
		1903F3CB1510F23900807542 /* MEXWaveFxView.h */ = {isa = PBXFileReference; fileEncoding = 4; lastKnownFileType = sourcecode.c.h; path = MEXWaveFxView.h; sourceTree = "<group>"; };
		1903F3CC1510F23A00807542 /* MEXWaveFxView.m */ = {isa = PBXFileReference; fileEncoding = 4; lastKnownFileType = sourcecode.c.objc; path = MEXWaveFxView.m; sourceTree = "<group>"; };
		1903F3CE1510F50A00807542 /* MEXLampView.h */ = {isa = PBXFileReference; fileEncoding = 4; lastKnownFileType = sourcecode.c.h; path = MEXLampView.h; sourceTree = "<group>"; };
		1903F3CF1510F50B00807542 /* MEXLampView.m */ = {isa = PBXFileReference; fileEncoding = 4; lastKnownFileType = sourcecode.c.objc; path = MEXLampView.m; sourceTree = "<group>"; };
		1903F3D6151236B800807542 /* MEXCrowdTypeSelectionControl.h */ = {isa = PBXFileReference; fileEncoding = 4; lastKnownFileType = sourcecode.c.h; path = MEXCrowdTypeSelectionControl.h; sourceTree = "<group>"; };
		1903F3D7151236B900807542 /* MEXCrowdTypeSelectionControl.m */ = {isa = PBXFileReference; fileEncoding = 4; lastKnownFileType = sourcecode.c.objc; path = MEXCrowdTypeSelectionControl.m; sourceTree = "<group>"; };
		199CB60014FEA3CA00A16A97 /* MexicanWave.app */ = {isa = PBXFileReference; explicitFileType = wrapper.application; includeInIndex = 0; path = MexicanWave.app; sourceTree = BUILT_PRODUCTS_DIR; };
		199CB60414FEA3CA00A16A97 /* UIKit.framework */ = {isa = PBXFileReference; lastKnownFileType = wrapper.framework; name = UIKit.framework; path = System/Library/Frameworks/UIKit.framework; sourceTree = SDKROOT; };
		199CB60614FEA3CA00A16A97 /* Foundation.framework */ = {isa = PBXFileReference; lastKnownFileType = wrapper.framework; name = Foundation.framework; path = System/Library/Frameworks/Foundation.framework; sourceTree = SDKROOT; };
		199CB60814FEA3CA00A16A97 /* CoreGraphics.framework */ = {isa = PBXFileReference; lastKnownFileType = wrapper.framework; name = CoreGraphics.framework; path = System/Library/Frameworks/CoreGraphics.framework; sourceTree = SDKROOT; };
		199CB60C14FEA3CA00A16A97 /* MexicanWave-Info.plist */ = {isa = PBXFileReference; lastKnownFileType = text.plist.xml; path = "MexicanWave-Info.plist"; sourceTree = "<group>"; };
		199CB60E14FEA3CA00A16A97 /* en */ = {isa = PBXFileReference; lastKnownFileType = text.plist.strings; name = en; path = en.lproj/InfoPlist.strings; sourceTree = "<group>"; };
		199CB61014FEA3CA00A16A97 /* main.m */ = {isa = PBXFileReference; lastKnownFileType = sourcecode.c.objc; path = main.m; sourceTree = "<group>"; };
		199CB61214FEA3CA00A16A97 /* MexicanWave-Prefix.pch */ = {isa = PBXFileReference; lastKnownFileType = sourcecode.c.h; path = "MexicanWave-Prefix.pch"; sourceTree = "<group>"; };
		199CB61314FEA3CA00A16A97 /* MEXAppDelegate.h */ = {isa = PBXFileReference; lastKnownFileType = sourcecode.c.h; path = MEXAppDelegate.h; sourceTree = "<group>"; };
		199CB61414FEA3CA00A16A97 /* MEXAppDelegate.m */ = {isa = PBXFileReference; lastKnownFileType = sourcecode.c.objc; path = MEXAppDelegate.m; sourceTree = "<group>"; };
		199CB62914FEA47B00A16A97 /* MEXWavingViewController.h */ = {isa = PBXFileReference; fileEncoding = 4; lastKnownFileType = sourcecode.c.h; path = MEXWavingViewController.h; sourceTree = "<group>"; };
		199CB62A14FEA47C00A16A97 /* MEXWavingViewController.m */ = {isa = PBXFileReference; fileEncoding = 4; lastKnownFileType = sourcecode.c.objc; path = MEXWavingViewController.m; sourceTree = "<group>"; };
		199CB63014FEAABE00A16A97 /* MEXWaveModel.h */ = {isa = PBXFileReference; fileEncoding = 4; lastKnownFileType = sourcecode.c.h; path = MEXWaveModel.h; sourceTree = "<group>"; };
		199CB63114FEAABF00A16A97 /* MEXWaveModel.m */ = {isa = PBXFileReference; fileEncoding = 4; lastKnownFileType = sourcecode.c.objc; path = MEXWaveModel.m; sourceTree = "<group>"; };
		199CB63314FF84DC00A16A97 /* MEXCalibrationModel.h */ = {isa = PBXFileReference; fileEncoding = 4; lastKnownFileType = sourcecode.c.h; path = MEXCalibrationModel.h; sourceTree = "<group>"; };
		199CB63414FF84DD00A16A97 /* MEXCalibrationModel.m */ = {isa = PBXFileReference; fileEncoding = 4; lastKnownFileType = sourcecode.c.objc; path = MEXCalibrationModel.m; sourceTree = "<group>"; };
		199CB63D14FF8FF700A16A97 /* CoreLocation.framework */ = {isa = PBXFileReference; lastKnownFileType = wrapper.framework; name = CoreLocation.framework; path = System/Library/Frameworks/CoreLocation.framework; sourceTree = SDKROOT; };
/* End PBXFileReference section */

/* Begin PBXFrameworksBuildPhase section */
		199CB5FD14FEA3CA00A16A97 /* Frameworks */ = {
			isa = PBXFrameworksBuildPhase;
			buildActionMask = 2147483647;
			files = (
				199CB63E14FF8FF700A16A97 /* CoreLocation.framework in Frameworks */,
				199CB60514FEA3CA00A16A97 /* UIKit.framework in Frameworks */,
				199CB60714FEA3CA00A16A97 /* Foundation.framework in Frameworks */,
				199CB60914FEA3CA00A16A97 /* CoreGraphics.framework in Frameworks */,
			);
			runOnlyForDeploymentPostprocessing = 0;
		};
/* End PBXFrameworksBuildPhase section */

/* Begin PBXGroup section */
		1903F3681510E5CF00807542 /* Resources */ = {
			isa = PBXGroup;
			children = (
				1903F3891510E64A00807542 /* Images */,
				1903F3691510E5EC00807542 /* en.lproj */,
			);
			name = Resources;
			sourceTree = "<group>";
		};
		1903F3691510E5EC00807542 /* en.lproj */ = {
			isa = PBXGroup;
			children = (
				1903F36A1510E5EC00807542 /* InfoPlist.strings */,
				1903F36C1510E5EC00807542 /* MainWindow.xib */,
				1903F36E1510E5EC00807542 /* MEXWavingViewController.xib */,
			);
			name = en.lproj;
			path = MexicanWave/en.lproj;
			sourceTree = "<group>";
		};
		1903F3891510E64A00807542 /* Images */ = {
			isa = PBXGroup;
			children = (
				1903F3B61510EC2200807542 /* light-blob.png */,
				1903F3B71510EC2200807542 /* icon-stadium.png */,
				1903F3B81510EC2300807542 /* icon-music.png */,
				1903F3B91510EC2400807542 /* icon-group.png */,
				1903F3BA1510EC2400807542 /* flare.png */,
				1903F3BB1510EC2400807542 /* button-separator.png */,
				1903F3BC1510EC2500807542 /* button-r.png */,
				1903F3BD1510EC2600807542 /* button-m.png */,
				1903F3BE1510EC2800807542 /* button-l.png */,
				1903F3BF1510EC2800807542 /* background.png */,
				1903F39E1510E6C000807542 /* icon-group@2x.png */,
				1903F39F1510E6C000807542 /* icon-stadium@2x.png */,
				1903F3A01510E6C000807542 /* icon-music@2x.png */,
				1903F3A11510E6C000807542 /* button-m@2x.png */,
				1903F3A21510E6C000807542 /* button-separator@2x.png */,
				1903F3A31510E6C000807542 /* button-l@2x.png */,
				1903F3A41510E6C000807542 /* button-r@2x.png */,
				1903F3A51510E6C000807542 /* light-blob@2x.png */,
				1903F3A61510E6C000807542 /* flare@2x.png */,
				1903F3A71510E6C000807542 /* background@2x.png */,
			);
			name = Images;
			path = MexicanWave/Images;
			sourceTree = "<group>";
		};
		199CB5F514FEA3CA00A16A97 = {
			isa = PBXGroup;
			children = (
				1903F3681510E5CF00807542 /* Resources */,
				199CB60A14FEA3CA00A16A97 /* MexicanWave */,
				199CB60314FEA3CA00A16A97 /* Frameworks */,
				199CB60114FEA3CA00A16A97 /* Products */,
			);
			sourceTree = "<group>";
		};
		199CB60114FEA3CA00A16A97 /* Products */ = {
			isa = PBXGroup;
			children = (
				199CB60014FEA3CA00A16A97 /* MexicanWave.app */,
			);
			name = Products;
			sourceTree = "<group>";
		};
		199CB60314FEA3CA00A16A97 /* Frameworks */ = {
			isa = PBXGroup;
			children = (
				199CB63D14FF8FF700A16A97 /* CoreLocation.framework */,
				199CB60414FEA3CA00A16A97 /* UIKit.framework */,
				199CB60614FEA3CA00A16A97 /* Foundation.framework */,
				199CB60814FEA3CA00A16A97 /* CoreGraphics.framework */,
			);
			name = Frameworks;
			sourceTree = "<group>";
		};
		199CB60A14FEA3CA00A16A97 /* MexicanWave */ = {
			isa = PBXGroup;
			children = (
				199CB61314FEA3CA00A16A97 /* MEXAppDelegate.h */,
				199CB61414FEA3CA00A16A97 /* MEXAppDelegate.m */,
				199CB63014FEAABE00A16A97 /* MEXWaveModel.h */,
				199CB63114FEAABF00A16A97 /* MEXWaveModel.m */,
				199CB63814FF851C00A16A97 /* Waving */,
				199CB63714FF850400A16A97 /* Calibration */,
				199CB60B14FEA3CA00A16A97 /* Supporting Files */,
			);
			path = MexicanWave;
			sourceTree = "<group>";
		};
		199CB60B14FEA3CA00A16A97 /* Supporting Files */ = {
			isa = PBXGroup;
			children = (
				199CB60C14FEA3CA00A16A97 /* MexicanWave-Info.plist */,
				199CB60D14FEA3CA00A16A97 /* InfoPlist.strings */,
				199CB61014FEA3CA00A16A97 /* main.m */,
				199CB61214FEA3CA00A16A97 /* MexicanWave-Prefix.pch */,
			);
			name = "Supporting Files";
			sourceTree = "<group>";
		};
		199CB63714FF850400A16A97 /* Calibration */ = {
			isa = PBXGroup;
			children = (
				199CB63314FF84DC00A16A97 /* MEXCalibrationModel.h */,
				199CB63414FF84DD00A16A97 /* MEXCalibrationModel.m */,
			);
			name = Calibration;
			sourceTree = "<group>";
		};
		199CB63814FF851C00A16A97 /* Waving */ = {
			isa = PBXGroup;
			children = (
				199CB62914FEA47B00A16A97 /* MEXWavingViewController.h */,
				199CB62A14FEA47C00A16A97 /* MEXWavingViewController.m */,
				1903F3CB1510F23900807542 /* MEXWaveFxView.h */,
				1903F3CC1510F23A00807542 /* MEXWaveFxView.m */,
				1903F3CE1510F50A00807542 /* MEXLampView.h */,
				1903F3CF1510F50B00807542 /* MEXLampView.m */,
				1903F3D6151236B800807542 /* MEXCrowdTypeSelectionControl.h */,
				1903F3D7151236B900807542 /* MEXCrowdTypeSelectionControl.m */,
			);
			name = Waving;
			sourceTree = "<group>";
		};
/* End PBXGroup section */

/* Begin PBXNativeTarget section */
		199CB5FF14FEA3CA00A16A97 /* MexicanWave */ = {
			isa = PBXNativeTarget;
			buildConfigurationList = 199CB61E14FEA3CA00A16A97 /* Build configuration list for PBXNativeTarget "MexicanWave" */;
			buildPhases = (
				199CB5FC14FEA3CA00A16A97 /* Sources */,
				199CB5FD14FEA3CA00A16A97 /* Frameworks */,
				199CB5FE14FEA3CA00A16A97 /* Resources */,
			);
			buildRules = (
			);
			dependencies = (
			);
			name = MexicanWave;
			productName = MexicanWave;
			productReference = 199CB60014FEA3CA00A16A97 /* MexicanWave.app */;
			productType = "com.apple.product-type.application";
		};
/* End PBXNativeTarget section */

/* Begin PBXProject section */
		199CB5F714FEA3CA00A16A97 /* Project object */ = {
			isa = PBXProject;
			attributes = {
				LastUpgradeCheck = 0420;
				ORGANIZATIONNAME = "Yell Group Plc";
			};
			buildConfigurationList = 199CB5FA14FEA3CA00A16A97 /* Build configuration list for PBXProject "MexicanWave" */;
			compatibilityVersion = "Xcode 3.2";
			developmentRegion = English;
			hasScannedForEncodings = 0;
			knownRegions = (
				en,
			);
			mainGroup = 199CB5F514FEA3CA00A16A97;
			productRefGroup = 199CB60114FEA3CA00A16A97 /* Products */;
			projectDirPath = "";
			projectRoot = "";
			targets = (
				199CB5FF14FEA3CA00A16A97 /* MexicanWave */,
			);
		};
/* End PBXProject section */

/* Begin PBXResourcesBuildPhase section */
		199CB5FE14FEA3CA00A16A97 /* Resources */ = {
			isa = PBXResourcesBuildPhase;
			buildActionMask = 2147483647;
			files = (
				199CB60F14FEA3CA00A16A97 /* InfoPlist.strings in Resources */,
				1903F3701510E5EC00807542 /* InfoPlist.strings in Resources */,
				1903F3711510E5EC00807542 /* MainWindow.xib in Resources */,
				1903F3721510E5EC00807542 /* MEXWavingViewController.xib in Resources */,
				1903F3A81510E6C000807542 /* icon-group@2x.png in Resources */,
				1903F3A91510E6C000807542 /* icon-stadium@2x.png in Resources */,
				1903F3AA1510E6C000807542 /* icon-music@2x.png in Resources */,
				1903F3AB1510E6C000807542 /* button-m@2x.png in Resources */,
				1903F3AC1510E6C000807542 /* button-separator@2x.png in Resources */,
				1903F3AD1510E6C000807542 /* button-l@2x.png in Resources */,
				1903F3AE1510E6C000807542 /* button-r@2x.png in Resources */,
				1903F3AF1510E6C000807542 /* light-blob@2x.png in Resources */,
				1903F3B01510E6C000807542 /* flare@2x.png in Resources */,
				1903F3B11510E6C000807542 /* background@2x.png in Resources */,
				1903F3C01510EC2800807542 /* light-blob.png in Resources */,
				1903F3C11510EC2800807542 /* icon-stadium.png in Resources */,
				1903F3C21510EC2800807542 /* icon-music.png in Resources */,
				1903F3C31510EC2800807542 /* icon-group.png in Resources */,
				1903F3C41510EC2800807542 /* flare.png in Resources */,
				1903F3C51510EC2800807542 /* button-separator.png in Resources */,
				1903F3C61510EC2800807542 /* button-r.png in Resources */,
				1903F3C71510EC2800807542 /* button-m.png in Resources */,
				1903F3C81510EC2800807542 /* button-l.png in Resources */,
				1903F3C91510EC2800807542 /* background.png in Resources */,
			);
			runOnlyForDeploymentPostprocessing = 0;
		};
/* End PBXResourcesBuildPhase section */

/* Begin PBXSourcesBuildPhase section */
		199CB5FC14FEA3CA00A16A97 /* Sources */ = {
			isa = PBXSourcesBuildPhase;
			buildActionMask = 2147483647;
			files = (
				199CB61114FEA3CA00A16A97 /* main.m in Sources */,
				199CB61514FEA3CA00A16A97 /* MEXAppDelegate.m in Sources */,
				199CB62C14FEA47C00A16A97 /* MEXWavingViewController.m in Sources */,
				199CB63214FEAAC000A16A97 /* MEXWaveModel.m in Sources */,
				199CB63514FF84DE00A16A97 /* MEXCalibrationModel.m in Sources */,
				1903F3CD1510F23A00807542 /* MEXWaveFxView.m in Sources */,
				1903F3D01510F50C00807542 /* MEXLampView.m in Sources */,
				1903F3D8151236BB00807542 /* MEXCrowdTypeSelectionControl.m in Sources */,
			);
			runOnlyForDeploymentPostprocessing = 0;
		};
/* End PBXSourcesBuildPhase section */

/* Begin PBXVariantGroup section */
		1903F36A1510E5EC00807542 /* InfoPlist.strings */ = {
			isa = PBXVariantGroup;
			children = (
				1903F36B1510E5EC00807542 /* en */,
			);
			name = InfoPlist.strings;
			sourceTree = "<group>";
		};
		1903F36C1510E5EC00807542 /* MainWindow.xib */ = {
			isa = PBXVariantGroup;
			children = (
				1903F36D1510E5EC00807542 /* en */,
			);
			name = MainWindow.xib;
			sourceTree = "<group>";
		};
		1903F36E1510E5EC00807542 /* MEXWavingViewController.xib */ = {
			isa = PBXVariantGroup;
			children = (
				1903F36F1510E5EC00807542 /* en */,
			);
			name = MEXWavingViewController.xib;
			sourceTree = "<group>";
		};
		199CB60D14FEA3CA00A16A97 /* InfoPlist.strings */ = {
			isa = PBXVariantGroup;
			children = (
				199CB60E14FEA3CA00A16A97 /* en */,
			);
			name = InfoPlist.strings;
			sourceTree = "<group>";
		};
/* End PBXVariantGroup section */

/* Begin XCBuildConfiguration section */
		199CB61C14FEA3CA00A16A97 /* Debug */ = {
			isa = XCBuildConfiguration;
			buildSettings = {
				ALWAYS_SEARCH_USER_PATHS = NO;
				ARCHS = "$(ARCHS_STANDARD_32_BIT)";
				"CODE_SIGN_IDENTITY[sdk=iphoneos*]" = "iPhone Developer";
				COPY_PHASE_STRIP = NO;
				GCC_C_LANGUAGE_STANDARD = gnu99;
				GCC_DYNAMIC_NO_PIC = NO;
				GCC_OPTIMIZATION_LEVEL = 0;
				GCC_PREPROCESSOR_DEFINITIONS = (
					"DEBUG=1",
					"$(inherited)",
				);
				GCC_SYMBOLS_PRIVATE_EXTERN = NO;
				GCC_VERSION = com.apple.compilers.llvm.clang.1_0;
				GCC_WARN_ABOUT_MISSING_PROTOTYPES = YES;
				GCC_WARN_ABOUT_RETURN_TYPE = YES;
				GCC_WARN_UNUSED_VARIABLE = YES;
				IPHONEOS_DEPLOYMENT_TARGET = 5.0;
				SDKROOT = iphoneos;
			};
			name = Debug;
		};
		199CB61D14FEA3CA00A16A97 /* Release */ = {
			isa = XCBuildConfiguration;
			buildSettings = {
				ALWAYS_SEARCH_USER_PATHS = NO;
				ARCHS = "$(ARCHS_STANDARD_32_BIT)";
				"CODE_SIGN_IDENTITY[sdk=iphoneos*]" = "iPhone Developer";
				COPY_PHASE_STRIP = YES;
				GCC_C_LANGUAGE_STANDARD = gnu99;
				GCC_VERSION = com.apple.compilers.llvm.clang.1_0;
				GCC_WARN_ABOUT_MISSING_PROTOTYPES = YES;
				GCC_WARN_ABOUT_RETURN_TYPE = YES;
				GCC_WARN_UNUSED_VARIABLE = YES;
				IPHONEOS_DEPLOYMENT_TARGET = 5.0;
				OTHER_CFLAGS = "-DNS_BLOCK_ASSERTIONS=1";
				SDKROOT = iphoneos;
				VALIDATE_PRODUCT = YES;
			};
			name = Release;
		};
		199CB61F14FEA3CA00A16A97 /* Debug */ = {
			isa = XCBuildConfiguration;
			buildSettings = {
				GCC_PRECOMPILE_PREFIX_HEADER = YES;
				GCC_PREFIX_HEADER = "MexicanWave/MexicanWave-Prefix.pch";
				INFOPLIST_FILE = "MexicanWave/MexicanWave-Info.plist";
				IPHONEOS_DEPLOYMENT_TARGET = 4.2;
				PRODUCT_NAME = "$(TARGET_NAME)";
				WRAPPER_EXTENSION = app;
			};
			name = Debug;
		};
		199CB62014FEA3CA00A16A97 /* Release */ = {
			isa = XCBuildConfiguration;
			buildSettings = {
				"CODE_SIGN_IDENTITY[sdk=iphoneos*]" = "iPhone Distribution";
				GCC_PRECOMPILE_PREFIX_HEADER = YES;
				GCC_PREFIX_HEADER = "MexicanWave/MexicanWave-Prefix.pch";
				INFOPLIST_FILE = "MexicanWave/MexicanWave-Info.plist";
				IPHONEOS_DEPLOYMENT_TARGET = 4.2;
				PRODUCT_NAME = "$(TARGET_NAME)";
				"PROVISIONING_PROFILE[sdk=iphoneos*]" = "";
				WRAPPER_EXTENSION = app;
			};
			name = Release;
		};
		E254CA1C151338DE00DAB66E /* InHouseDistribution */ = {
			isa = XCBuildConfiguration;
			buildSettings = {
				ALWAYS_SEARCH_USER_PATHS = NO;
				ARCHS = "$(ARCHS_STANDARD_32_BIT)";
				"CODE_SIGN_IDENTITY[sdk=iphoneos*]" = "iPhone Developer";
				COPY_PHASE_STRIP = YES;
				GCC_C_LANGUAGE_STANDARD = gnu99;
				GCC_VERSION = com.apple.compilers.llvm.clang.1_0;
				GCC_WARN_ABOUT_MISSING_PROTOTYPES = YES;
				GCC_WARN_ABOUT_RETURN_TYPE = YES;
				GCC_WARN_UNUSED_VARIABLE = YES;
				IPHONEOS_DEPLOYMENT_TARGET = 5.0;
				OTHER_CFLAGS = "-DNS_BLOCK_ASSERTIONS=1";
				SDKROOT = iphoneos;
				VALIDATE_PRODUCT = YES;
			};
			name = InHouseDistribution;
		};
		E254CA1D151338DE00DAB66E /* InHouseDistribution */ = {
			isa = XCBuildConfiguration;
			buildSettings = {
				"CODE_SIGN_IDENTITY[sdk=iphoneos*]" = "iPhone Distribution";
				GCC_PRECOMPILE_PREFIX_HEADER = YES;
				GCC_PREFIX_HEADER = "MexicanWave/MexicanWave-Prefix.pch";
				INFOPLIST_FILE = "MexicanWave/MexicanWave-Info.plist";
				IPHONEOS_DEPLOYMENT_TARGET = 4.2;
				PRODUCT_NAME = "$(TARGET_NAME)";
				"PROVISIONING_PROFILE[sdk=iphoneos*]" = "";
				WRAPPER_EXTENSION = app;
			};
			name = InHouseDistribution;
		};
/* End XCBuildConfiguration section */

/* Begin XCConfigurationList section */
		199CB5FA14FEA3CA00A16A97 /* Build configuration list for PBXProject "MexicanWave" */ = {
			isa = XCConfigurationList;
			buildConfigurations = (
				199CB61C14FEA3CA00A16A97 /* Debug */,
				199CB61D14FEA3CA00A16A97 /* Release */,
				E254CA1C151338DE00DAB66E /* InHouseDistribution */,
			);
			defaultConfigurationIsVisible = 0;
			defaultConfigurationName = Release;
		};
		199CB61E14FEA3CA00A16A97 /* Build configuration list for PBXNativeTarget "MexicanWave" */ = {
			isa = XCConfigurationList;
			buildConfigurations = (
				199CB61F14FEA3CA00A16A97 /* Debug */,
				199CB62014FEA3CA00A16A97 /* Release */,
				E254CA1D151338DE00DAB66E /* InHouseDistribution */,
			);
			defaultConfigurationIsVisible = 0;
			defaultConfigurationName = Release;
		};
/* End XCConfigurationList section */
	};
	rootObject = 199CB5F714FEA3CA00A16A97 /* Project object */;
}
