// !$*UTF8*$!
{
	archiveVersion = 1;
	classes = {
	};
	objectVersion = 46;
	objects = {

/* Begin PBXBuildFile section */
		1903F3CD1510F23A00807542 /* MEXWaveFxView.m in Sources */ = {isa = PBXBuildFile; fileRef = 1903F3CC1510F23A00807542 /* MEXWaveFxView.m */; };
		1903F3D01510F50C00807542 /* MEXLampView.m in Sources */ = {isa = PBXBuildFile; fileRef = 1903F3CF1510F50B00807542 /* MEXLampView.m */; };
		1903F3D8151236BB00807542 /* MEXCrowdTypeSelectionControl.m in Sources */ = {isa = PBXBuildFile; fileRef = 1903F3D7151236B900807542 /* MEXCrowdTypeSelectionControl.m */; };
		1967B90F1523044B00A924D5 /* AudioToolbox.framework in Frameworks */ = {isa = PBXBuildFile; fileRef = 1967B90E1523044B00A924D5 /* AudioToolbox.framework */; };
		1967B91A1523050700A924D5 /* Settings.bundle in Resources */ = {isa = PBXBuildFile; fileRef = 1967B9191523050700A924D5 /* Settings.bundle */; };
		1967B91E152311C100A924D5 /* MEXLegacyTorchController.m in Sources */ = {isa = PBXBuildFile; fileRef = 1967B91D152311C100A924D5 /* MEXLegacyTorchController.m */; };
		196B8E121517B58700DAD14A /* background.png in Resources */ = {isa = PBXBuildFile; fileRef = 196B8DF61517B58700DAD14A /* background.png */; };
		196B8E131517B58700DAD14A /* background@2x.png in Resources */ = {isa = PBXBuildFile; fileRef = 196B8DF71517B58700DAD14A /* background@2x.png */; };
		196B8E141517B58700DAD14A /* button-l.png in Resources */ = {isa = PBXBuildFile; fileRef = 196B8DF81517B58700DAD14A /* button-l.png */; };
		196B8E151517B58700DAD14A /* button-l@2x.png in Resources */ = {isa = PBXBuildFile; fileRef = 196B8DF91517B58700DAD14A /* button-l@2x.png */; };
		196B8E161517B58700DAD14A /* button-m.png in Resources */ = {isa = PBXBuildFile; fileRef = 196B8DFA1517B58700DAD14A /* button-m.png */; };
		196B8E171517B58700DAD14A /* button-m@2x.png in Resources */ = {isa = PBXBuildFile; fileRef = 196B8DFB1517B58700DAD14A /* button-m@2x.png */; };
		196B8E181517B58700DAD14A /* button-r.png in Resources */ = {isa = PBXBuildFile; fileRef = 196B8DFC1517B58700DAD14A /* button-r.png */; };
		196B8E191517B58700DAD14A /* button-r@2x.png in Resources */ = {isa = PBXBuildFile; fileRef = 196B8DFD1517B58700DAD14A /* button-r@2x.png */; };
		196B8E1A1517B58700DAD14A /* button-separator.png in Resources */ = {isa = PBXBuildFile; fileRef = 196B8DFE1517B58700DAD14A /* button-separator.png */; };
		196B8E1B1517B58700DAD14A /* button-separator@2x.png in Resources */ = {isa = PBXBuildFile; fileRef = 196B8DFF1517B58700DAD14A /* button-separator@2x.png */; };
		196B8E1C1517B58700DAD14A /* flare.png in Resources */ = {isa = PBXBuildFile; fileRef = 196B8E001517B58700DAD14A /* flare.png */; };
		196B8E1D1517B58700DAD14A /* flare@2x.png in Resources */ = {isa = PBXBuildFile; fileRef = 196B8E011517B58700DAD14A /* flare@2x.png */; };
		196B8E1E1517B58700DAD14A /* Icon-72.png in Resources */ = {isa = PBXBuildFile; fileRef = 196B8E021517B58700DAD14A /* Icon-72.png */; };
		196B8E1F1517B58700DAD14A /* icon-group.png in Resources */ = {isa = PBXBuildFile; fileRef = 196B8E031517B58700DAD14A /* icon-group.png */; };
		196B8E201517B58700DAD14A /* icon-group@2x.png in Resources */ = {isa = PBXBuildFile; fileRef = 196B8E041517B58700DAD14A /* icon-group@2x.png */; };
		196B8E211517B58700DAD14A /* icon-music.png in Resources */ = {isa = PBXBuildFile; fileRef = 196B8E051517B58700DAD14A /* icon-music.png */; };
		196B8E221517B58700DAD14A /* icon-music@2x.png in Resources */ = {isa = PBXBuildFile; fileRef = 196B8E061517B58700DAD14A /* icon-music@2x.png */; };
		196B8E231517B58700DAD14A /* Icon-Small-50.png in Resources */ = {isa = PBXBuildFile; fileRef = 196B8E071517B58700DAD14A /* Icon-Small-50.png */; };
		196B8E241517B58700DAD14A /* Icon-Small.png in Resources */ = {isa = PBXBuildFile; fileRef = 196B8E081517B58700DAD14A /* Icon-Small.png */; };
		196B8E251517B58700DAD14A /* Icon-Small@2x.png in Resources */ = {isa = PBXBuildFile; fileRef = 196B8E091517B58700DAD14A /* Icon-Small@2x.png */; };
		196B8E261517B58700DAD14A /* icon-stadium.png in Resources */ = {isa = PBXBuildFile; fileRef = 196B8E0A1517B58700DAD14A /* icon-stadium.png */; };
		196B8E271517B58700DAD14A /* icon-stadium@2x.png in Resources */ = {isa = PBXBuildFile; fileRef = 196B8E0B1517B58700DAD14A /* icon-stadium@2x.png */; };
		196B8E281517B58700DAD14A /* Icon.png in Resources */ = {isa = PBXBuildFile; fileRef = 196B8E0C1517B58700DAD14A /* Icon.png */; };
		196B8E291517B58700DAD14A /* Icon@2x.png in Resources */ = {isa = PBXBuildFile; fileRef = 196B8E0D1517B58700DAD14A /* Icon@2x.png */; };
		196B8E2A1517B58700DAD14A /* iTunesArtwork.png in Resources */ = {isa = PBXBuildFile; fileRef = 196B8E0E1517B58700DAD14A /* iTunesArtwork.png */; };
		196B8E2B1517B58700DAD14A /* light-blob.png in Resources */ = {isa = PBXBuildFile; fileRef = 196B8E0F1517B58700DAD14A /* light-blob.png */; };
		196B8E2C1517B58700DAD14A /* light-blob@2x.png in Resources */ = {isa = PBXBuildFile; fileRef = 196B8E101517B58700DAD14A /* light-blob@2x.png */; };
		196B8E331518937400DAD14A /* MEXSegmentButtonControl.m in Sources */ = {isa = PBXBuildFile; fileRef = 196B8E321518937400DAD14A /* MEXSegmentButtonControl.m */; };
		196B8E4B1518A00100DAD14A /* InfoPlist.strings in Resources */ = {isa = PBXBuildFile; fileRef = 196B8E451518A00100DAD14A /* InfoPlist.strings */; };
		196B8E4C1518A00100DAD14A /* MainWindow.xib in Resources */ = {isa = PBXBuildFile; fileRef = 196B8E471518A00100DAD14A /* MainWindow.xib */; };
		196B8E4D1518A00100DAD14A /* MEXWavingViewController.xib in Resources */ = {isa = PBXBuildFile; fileRef = 196B8E491518A00100DAD14A /* MEXWavingViewController.xib */; };
		199B5760151CDFB200155281 /* ios-ntp.framework in Frameworks */ = {isa = PBXBuildFile; fileRef = 199B575F151CDFB200155281 /* ios-ntp.framework */; };
		199CB60514FEA3CA00A16A97 /* UIKit.framework in Frameworks */ = {isa = PBXBuildFile; fileRef = 199CB60414FEA3CA00A16A97 /* UIKit.framework */; };
		199CB60714FEA3CA00A16A97 /* Foundation.framework in Frameworks */ = {isa = PBXBuildFile; fileRef = 199CB60614FEA3CA00A16A97 /* Foundation.framework */; };
		199CB60914FEA3CA00A16A97 /* CoreGraphics.framework in Frameworks */ = {isa = PBXBuildFile; fileRef = 199CB60814FEA3CA00A16A97 /* CoreGraphics.framework */; };
		199CB61114FEA3CA00A16A97 /* main.m in Sources */ = {isa = PBXBuildFile; fileRef = 199CB61014FEA3CA00A16A97 /* main.m */; };
		199CB61514FEA3CA00A16A97 /* MEXAppDelegate.m in Sources */ = {isa = PBXBuildFile; fileRef = 199CB61414FEA3CA00A16A97 /* MEXAppDelegate.m */; };
		199CB62C14FEA47C00A16A97 /* MEXWavingViewController.m in Sources */ = {isa = PBXBuildFile; fileRef = 199CB62A14FEA47C00A16A97 /* MEXWavingViewController.m */; };
		199CB63214FEAAC000A16A97 /* MEXWaveModel.m in Sources */ = {isa = PBXBuildFile; fileRef = 199CB63114FEAABF00A16A97 /* MEXWaveModel.m */; };
		199CB63514FF84DE00A16A97 /* MEXCompassModel.m in Sources */ = {isa = PBXBuildFile; fileRef = 199CB63414FF84DD00A16A97 /* MEXCompassModel.m */; };
		199CB63E14FF8FF700A16A97 /* CoreLocation.framework in Frameworks */ = {isa = PBXBuildFile; fileRef = 199CB63D14FF8FF700A16A97 /* CoreLocation.framework */; };
		E254CA241513995100DAB66E /* QuartzCore.framework in Frameworks */ = {isa = PBXBuildFile; fileRef = E254CA231513995100DAB66E /* QuartzCore.framework */; };
		E254CA261513A49400DAB66E /* AVFoundation.framework in Frameworks */ = {isa = PBXBuildFile; fileRef = E254CA251513A49400DAB66E /* AVFoundation.framework */; };
/* End PBXBuildFile section */

/* Begin PBXFileReference section */
		1903F3CB1510F23900807542 /* MEXWaveFxView.h */ = {isa = PBXFileReference; fileEncoding = 4; lastKnownFileType = sourcecode.c.h; path = MEXWaveFxView.h; sourceTree = "<group>"; };
		1903F3CC1510F23A00807542 /* MEXWaveFxView.m */ = {isa = PBXFileReference; fileEncoding = 4; lastKnownFileType = sourcecode.c.objc; path = MEXWaveFxView.m; sourceTree = "<group>"; };
		1903F3CE1510F50A00807542 /* MEXLampView.h */ = {isa = PBXFileReference; fileEncoding = 4; lastKnownFileType = sourcecode.c.h; path = MEXLampView.h; sourceTree = "<group>"; };
		1903F3CF1510F50B00807542 /* MEXLampView.m */ = {isa = PBXFileReference; fileEncoding = 4; lastKnownFileType = sourcecode.c.objc; path = MEXLampView.m; sourceTree = "<group>"; };
		1903F3D6151236B800807542 /* MEXCrowdTypeSelectionControl.h */ = {isa = PBXFileReference; fileEncoding = 4; lastKnownFileType = sourcecode.c.h; path = MEXCrowdTypeSelectionControl.h; sourceTree = "<group>"; };
		1903F3D7151236B900807542 /* MEXCrowdTypeSelectionControl.m */ = {isa = PBXFileReference; fileEncoding = 4; lastKnownFileType = sourcecode.c.objc; path = MEXCrowdTypeSelectionControl.m; sourceTree = "<group>"; };
		1967B90E1523044B00A924D5 /* AudioToolbox.framework */ = {isa = PBXFileReference; lastKnownFileType = wrapper.framework; name = AudioToolbox.framework; path = System/Library/Frameworks/AudioToolbox.framework; sourceTree = SDKROOT; };
		1967B9191523050700A924D5 /* Settings.bundle */ = {isa = PBXFileReference; lastKnownFileType = "wrapper.plug-in"; name = Settings.bundle; path = MexicanWave/Settings.bundle; sourceTree = "<group>"; };
		1967B91C152311C100A924D5 /* MEXLegacyTorchController.h */ = {isa = PBXFileReference; fileEncoding = 4; lastKnownFileType = sourcecode.c.h; path = MEXLegacyTorchController.h; sourceTree = "<group>"; };
		1967B91D152311C100A924D5 /* MEXLegacyTorchController.m */ = {isa = PBXFileReference; fileEncoding = 4; lastKnownFileType = sourcecode.c.objc; path = MEXLegacyTorchController.m; sourceTree = "<group>"; };
		196B8DF61517B58700DAD14A /* background.png */ = {isa = PBXFileReference; lastKnownFileType = image.png; path = background.png; sourceTree = "<group>"; };
		196B8DF71517B58700DAD14A /* background@2x.png */ = {isa = PBXFileReference; lastKnownFileType = image.png; path = "background@2x.png"; sourceTree = "<group>"; };
		196B8DF81517B58700DAD14A /* button-l.png */ = {isa = PBXFileReference; lastKnownFileType = image.png; path = "button-l.png"; sourceTree = "<group>"; };
		196B8DF91517B58700DAD14A /* button-l@2x.png */ = {isa = PBXFileReference; lastKnownFileType = image.png; path = "button-l@2x.png"; sourceTree = "<group>"; };
		196B8DFA1517B58700DAD14A /* button-m.png */ = {isa = PBXFileReference; lastKnownFileType = image.png; path = "button-m.png"; sourceTree = "<group>"; };
		196B8DFB1517B58700DAD14A /* button-m@2x.png */ = {isa = PBXFileReference; lastKnownFileType = image.png; path = "button-m@2x.png"; sourceTree = "<group>"; };
		196B8DFC1517B58700DAD14A /* button-r.png */ = {isa = PBXFileReference; lastKnownFileType = image.png; path = "button-r.png"; sourceTree = "<group>"; };
		196B8DFD1517B58700DAD14A /* button-r@2x.png */ = {isa = PBXFileReference; lastKnownFileType = image.png; path = "button-r@2x.png"; sourceTree = "<group>"; };
		196B8DFE1517B58700DAD14A /* button-separator.png */ = {isa = PBXFileReference; lastKnownFileType = image.png; path = "button-separator.png"; sourceTree = "<group>"; };
		196B8DFF1517B58700DAD14A /* button-separator@2x.png */ = {isa = PBXFileReference; lastKnownFileType = image.png; path = "button-separator@2x.png"; sourceTree = "<group>"; };
		196B8E001517B58700DAD14A /* flare.png */ = {isa = PBXFileReference; lastKnownFileType = image.png; path = flare.png; sourceTree = "<group>"; };
		196B8E011517B58700DAD14A /* flare@2x.png */ = {isa = PBXFileReference; lastKnownFileType = image.png; path = "flare@2x.png"; sourceTree = "<group>"; };
		196B8E021517B58700DAD14A /* Icon-72.png */ = {isa = PBXFileReference; lastKnownFileType = image.png; path = "Icon-72.png"; sourceTree = "<group>"; };
		196B8E031517B58700DAD14A /* icon-group.png */ = {isa = PBXFileReference; lastKnownFileType = image.png; path = "icon-group.png"; sourceTree = "<group>"; };
		196B8E041517B58700DAD14A /* icon-group@2x.png */ = {isa = PBXFileReference; lastKnownFileType = image.png; path = "icon-group@2x.png"; sourceTree = "<group>"; };
		196B8E051517B58700DAD14A /* icon-music.png */ = {isa = PBXFileReference; lastKnownFileType = image.png; path = "icon-music.png"; sourceTree = "<group>"; };
		196B8E061517B58700DAD14A /* icon-music@2x.png */ = {isa = PBXFileReference; lastKnownFileType = image.png; path = "icon-music@2x.png"; sourceTree = "<group>"; };
		196B8E071517B58700DAD14A /* Icon-Small-50.png */ = {isa = PBXFileReference; lastKnownFileType = image.png; path = "Icon-Small-50.png"; sourceTree = "<group>"; };
		196B8E081517B58700DAD14A /* Icon-Small.png */ = {isa = PBXFileReference; lastKnownFileType = image.png; path = "Icon-Small.png"; sourceTree = "<group>"; };
		196B8E091517B58700DAD14A /* Icon-Small@2x.png */ = {isa = PBXFileReference; lastKnownFileType = image.png; path = "Icon-Small@2x.png"; sourceTree = "<group>"; };
		196B8E0A1517B58700DAD14A /* icon-stadium.png */ = {isa = PBXFileReference; lastKnownFileType = image.png; path = "icon-stadium.png"; sourceTree = "<group>"; };
		196B8E0B1517B58700DAD14A /* icon-stadium@2x.png */ = {isa = PBXFileReference; lastKnownFileType = image.png; path = "icon-stadium@2x.png"; sourceTree = "<group>"; };
		196B8E0C1517B58700DAD14A /* Icon.png */ = {isa = PBXFileReference; lastKnownFileType = image.png; path = Icon.png; sourceTree = "<group>"; };
		196B8E0D1517B58700DAD14A /* Icon@2x.png */ = {isa = PBXFileReference; lastKnownFileType = image.png; path = "Icon@2x.png"; sourceTree = "<group>"; };
		196B8E0E1517B58700DAD14A /* iTunesArtwork.png */ = {isa = PBXFileReference; lastKnownFileType = image.png; path = iTunesArtwork.png; sourceTree = "<group>"; };
		196B8E0F1517B58700DAD14A /* light-blob.png */ = {isa = PBXFileReference; lastKnownFileType = image.png; path = "light-blob.png"; sourceTree = "<group>"; };
		196B8E101517B58700DAD14A /* light-blob@2x.png */ = {isa = PBXFileReference; lastKnownFileType = image.png; path = "light-blob@2x.png"; sourceTree = "<group>"; };
		196B8E311518937400DAD14A /* MEXSegmentButtonControl.h */ = {isa = PBXFileReference; fileEncoding = 4; lastKnownFileType = sourcecode.c.h; path = MEXSegmentButtonControl.h; sourceTree = "<group>"; };
		196B8E321518937400DAD14A /* MEXSegmentButtonControl.m */ = {isa = PBXFileReference; fileEncoding = 4; lastKnownFileType = sourcecode.c.objc; path = MEXSegmentButtonControl.m; sourceTree = "<group>"; };
		196B8E461518A00100DAD14A /* en */ = {isa = PBXFileReference; lastKnownFileType = text.plist.strings; name = en; path = InfoPlist.strings; sourceTree = "<group>"; };
		196B8E481518A00100DAD14A /* en */ = {isa = PBXFileReference; lastKnownFileType = file.xib; name = en; path = MainWindow.xib; sourceTree = "<group>"; };
		196B8E4A1518A00100DAD14A /* en */ = {isa = PBXFileReference; lastKnownFileType = file.xib; name = en; path = MEXWavingViewController.xib; sourceTree = "<group>"; };
		199B575F151CDFB200155281 /* ios-ntp.framework */ = {isa = PBXFileReference; lastKnownFileType = wrapper.framework; name = "ios-ntp.framework"; path = "ios-ntp/ios-ntp.framework"; sourceTree = "<group>"; };
		199CB60014FEA3CA00A16A97 /* MexicanWave.app */ = {isa = PBXFileReference; explicitFileType = wrapper.application; includeInIndex = 0; path = MexicanWave.app; sourceTree = BUILT_PRODUCTS_DIR; };
		199CB60414FEA3CA00A16A97 /* UIKit.framework */ = {isa = PBXFileReference; lastKnownFileType = wrapper.framework; name = UIKit.framework; path = System/Library/Frameworks/UIKit.framework; sourceTree = SDKROOT; };
		199CB60614FEA3CA00A16A97 /* Foundation.framework */ = {isa = PBXFileReference; lastKnownFileType = wrapper.framework; name = Foundation.framework; path = System/Library/Frameworks/Foundation.framework; sourceTree = SDKROOT; };
		199CB60814FEA3CA00A16A97 /* CoreGraphics.framework */ = {isa = PBXFileReference; lastKnownFileType = wrapper.framework; name = CoreGraphics.framework; path = System/Library/Frameworks/CoreGraphics.framework; sourceTree = SDKROOT; };
		199CB60C14FEA3CA00A16A97 /* MexicanWave-Info.plist */ = {isa = PBXFileReference; lastKnownFileType = text.plist.xml; path = "MexicanWave-Info.plist"; sourceTree = "<group>"; };
		199CB61014FEA3CA00A16A97 /* main.m */ = {isa = PBXFileReference; lastKnownFileType = sourcecode.c.objc; path = main.m; sourceTree = "<group>"; };
		199CB61214FEA3CA00A16A97 /* MexicanWave-Prefix.pch */ = {isa = PBXFileReference; lastKnownFileType = sourcecode.c.h; path = "MexicanWave-Prefix.pch"; sourceTree = "<group>"; };
		199CB61314FEA3CA00A16A97 /* MEXAppDelegate.h */ = {isa = PBXFileReference; lastKnownFileType = sourcecode.c.h; path = MEXAppDelegate.h; sourceTree = "<group>"; };
		199CB61414FEA3CA00A16A97 /* MEXAppDelegate.m */ = {isa = PBXFileReference; lastKnownFileType = sourcecode.c.objc; path = MEXAppDelegate.m; sourceTree = "<group>"; };
		199CB62914FEA47B00A16A97 /* MEXWavingViewController.h */ = {isa = PBXFileReference; fileEncoding = 4; lastKnownFileType = sourcecode.c.h; path = MEXWavingViewController.h; sourceTree = "<group>"; };
		199CB62A14FEA47C00A16A97 /* MEXWavingViewController.m */ = {isa = PBXFileReference; fileEncoding = 4; lastKnownFileType = sourcecode.c.objc; path = MEXWavingViewController.m; sourceTree = "<group>"; };
		199CB63014FEAABE00A16A97 /* MEXWaveModel.h */ = {isa = PBXFileReference; fileEncoding = 4; lastKnownFileType = sourcecode.c.h; path = MEXWaveModel.h; sourceTree = "<group>"; };
		199CB63114FEAABF00A16A97 /* MEXWaveModel.m */ = {isa = PBXFileReference; fileEncoding = 4; lastKnownFileType = sourcecode.c.objc; path = MEXWaveModel.m; sourceTree = "<group>"; };
		199CB63314FF84DC00A16A97 /* MEXCompassModel.h */ = {isa = PBXFileReference; fileEncoding = 4; lastKnownFileType = sourcecode.c.h; path = MEXCompassModel.h; sourceTree = "<group>"; };
		199CB63414FF84DD00A16A97 /* MEXCompassModel.m */ = {isa = PBXFileReference; fileEncoding = 4; lastKnownFileType = sourcecode.c.objc; path = MEXCompassModel.m; sourceTree = "<group>"; };
		199CB63D14FF8FF700A16A97 /* CoreLocation.framework */ = {isa = PBXFileReference; lastKnownFileType = wrapper.framework; name = CoreLocation.framework; path = System/Library/Frameworks/CoreLocation.framework; sourceTree = SDKROOT; };
		E254CA231513995100DAB66E /* QuartzCore.framework */ = {isa = PBXFileReference; lastKnownFileType = wrapper.framework; name = QuartzCore.framework; path = System/Library/Frameworks/QuartzCore.framework; sourceTree = SDKROOT; };
		E254CA251513A49400DAB66E /* AVFoundation.framework */ = {isa = PBXFileReference; lastKnownFileType = wrapper.framework; name = AVFoundation.framework; path = System/Library/Frameworks/AVFoundation.framework; sourceTree = SDKROOT; };
/* End PBXFileReference section */

/* Begin PBXFrameworksBuildPhase section */
		199CB5FD14FEA3CA00A16A97 /* Frameworks */ = {
			isa = PBXFrameworksBuildPhase;
			buildActionMask = 2147483647;
			files = (
				1967B90F1523044B00A924D5 /* AudioToolbox.framework in Frameworks */,
				E254CA261513A49400DAB66E /* AVFoundation.framework in Frameworks */,
				E254CA241513995100DAB66E /* QuartzCore.framework in Frameworks */,
				199CB63E14FF8FF700A16A97 /* CoreLocation.framework in Frameworks */,
				199CB60514FEA3CA00A16A97 /* UIKit.framework in Frameworks */,
				199CB60714FEA3CA00A16A97 /* Foundation.framework in Frameworks */,
				199CB60914FEA3CA00A16A97 /* CoreGraphics.framework in Frameworks */,
				199B5760151CDFB200155281 /* ios-ntp.framework in Frameworks */,
			);
			runOnlyForDeploymentPostprocessing = 0;
		};
/* End PBXFrameworksBuildPhase section */

/* Begin PBXGroup section */
		1903F3E11517717800807542 /* Views */ = {
			isa = PBXGroup;
			children = (
				1903F3CB1510F23900807542 /* MEXWaveFxView.h */,
				1903F3CC1510F23A00807542 /* MEXWaveFxView.m */,
				1903F3CE1510F50A00807542 /* MEXLampView.h */,
				1903F3CF1510F50B00807542 /* MEXLampView.m */,
				1903F3D6151236B800807542 /* MEXCrowdTypeSelectionControl.h */,
				1903F3D7151236B900807542 /* MEXCrowdTypeSelectionControl.m */,
				196B8E311518937400DAD14A /* MEXSegmentButtonControl.h */,
				196B8E321518937400DAD14A /* MEXSegmentButtonControl.m */,
			);
			name = Views;
			sourceTree = "<group>";
		};
		1967B918152304E800A924D5 /* Resources */ = {
			isa = PBXGroup;
			children = (
				196B8E441518A00100DAD14A /* en.lproj */,
				196B8DF51517B58700DAD14A /* Images */,
				1967B9191523050700A924D5 /* Settings.bundle */,
			);
			name = Resources;
			sourceTree = "<group>";
		};
		1967B91B152311A400A924D5 /* Legacy */ = {
			isa = PBXGroup;
			children = (
				1967B91C152311C100A924D5 /* MEXLegacyTorchController.h */,
				1967B91D152311C100A924D5 /* MEXLegacyTorchController.m */,
			);
			name = Legacy;
			sourceTree = "<group>";
		};
		196B8DF51517B58700DAD14A /* Images */ = {
			isa = PBXGroup;
			children = (
				196B8DF61517B58700DAD14A /* background.png */,
				196B8DF71517B58700DAD14A /* background@2x.png */,
				196B8DF81517B58700DAD14A /* button-l.png */,
				196B8DF91517B58700DAD14A /* button-l@2x.png */,
				196B8DFA1517B58700DAD14A /* button-m.png */,
				196B8DFB1517B58700DAD14A /* button-m@2x.png */,
				196B8DFC1517B58700DAD14A /* button-r.png */,
				196B8DFD1517B58700DAD14A /* button-r@2x.png */,
				196B8DFE1517B58700DAD14A /* button-separator.png */,
				196B8DFF1517B58700DAD14A /* button-separator@2x.png */,
				196B8E001517B58700DAD14A /* flare.png */,
				196B8E011517B58700DAD14A /* flare@2x.png */,
				196B8E021517B58700DAD14A /* Icon-72.png */,
				196B8E031517B58700DAD14A /* icon-group.png */,
				196B8E041517B58700DAD14A /* icon-group@2x.png */,
				196B8E051517B58700DAD14A /* icon-music.png */,
				196B8E061517B58700DAD14A /* icon-music@2x.png */,
				196B8E071517B58700DAD14A /* Icon-Small-50.png */,
				196B8E081517B58700DAD14A /* Icon-Small.png */,
				196B8E091517B58700DAD14A /* Icon-Small@2x.png */,
				196B8E0A1517B58700DAD14A /* icon-stadium.png */,
				196B8E0B1517B58700DAD14A /* icon-stadium@2x.png */,
				196B8E0C1517B58700DAD14A /* Icon.png */,
				196B8E0D1517B58700DAD14A /* Icon@2x.png */,
				196B8E0E1517B58700DAD14A /* iTunesArtwork.png */,
				196B8E0F1517B58700DAD14A /* light-blob.png */,
				196B8E101517B58700DAD14A /* light-blob@2x.png */,
			);
			name = Images;
			path = MexicanWave/Images;
			sourceTree = "<group>";
		};
		196B8E441518A00100DAD14A /* en.lproj */ = {
			isa = PBXGroup;
			children = (
				196B8E451518A00100DAD14A /* InfoPlist.strings */,
				196B8E471518A00100DAD14A /* MainWindow.xib */,
				196B8E491518A00100DAD14A /* MEXWavingViewController.xib */,
			);
			name = en.lproj;
			path = MexicanWave/en.lproj;
			sourceTree = "<group>";
		};
		199CB5F514FEA3CA00A16A97 = {
			isa = PBXGroup;
			children = (
				1967B918152304E800A924D5 /* Resources */,
				199CB60A14FEA3CA00A16A97 /* MexicanWave */,
				199CB60314FEA3CA00A16A97 /* Frameworks */,
				199CB60114FEA3CA00A16A97 /* Products */,
			);
			sourceTree = "<group>";
		};
		199CB60114FEA3CA00A16A97 /* Products */ = {
			isa = PBXGroup;
			children = (
				199CB60014FEA3CA00A16A97 /* MexicanWave.app */,
			);
			name = Products;
			sourceTree = "<group>";
		};
		199CB60314FEA3CA00A16A97 /* Frameworks */ = {
			isa = PBXGroup;
			children = (
				1967B90E1523044B00A924D5 /* AudioToolbox.framework */,
				199B575F151CDFB200155281 /* ios-ntp.framework */,
				E254CA251513A49400DAB66E /* AVFoundation.framework */,
				E254CA231513995100DAB66E /* QuartzCore.framework */,
				199CB63D14FF8FF700A16A97 /* CoreLocation.framework */,
				199CB60414FEA3CA00A16A97 /* UIKit.framework */,
				199CB60614FEA3CA00A16A97 /* Foundation.framework */,
				199CB60814FEA3CA00A16A97 /* CoreGraphics.framework */,
			);
			name = Frameworks;
			sourceTree = "<group>";
		};
		199CB60A14FEA3CA00A16A97 /* MexicanWave */ = {
			isa = PBXGroup;
			children = (
				199CB61314FEA3CA00A16A97 /* MEXAppDelegate.h */,
				199CB61414FEA3CA00A16A97 /* MEXAppDelegate.m */,
				199CB63814FF851C00A16A97 /* Waving */,
				1967B91B152311A400A924D5 /* Legacy */,
				199CB63714FF850400A16A97 /* Compass */,
				199CB60B14FEA3CA00A16A97 /* Supporting Files */,
			);
			path = MexicanWave;
			sourceTree = "<group>";
		};
		199CB60B14FEA3CA00A16A97 /* Supporting Files */ = {
			isa = PBXGroup;
			children = (
				199CB60C14FEA3CA00A16A97 /* MexicanWave-Info.plist */,
				199CB61014FEA3CA00A16A97 /* main.m */,
				199CB61214FEA3CA00A16A97 /* MexicanWave-Prefix.pch */,
			);
			name = "Supporting Files";
			sourceTree = "<group>";
		};
		199CB63714FF850400A16A97 /* Compass */ = {
			isa = PBXGroup;
			children = (
				199CB63314FF84DC00A16A97 /* MEXCompassModel.h */,
				199CB63414FF84DD00A16A97 /* MEXCompassModel.m */,
			);
			name = Compass;
			sourceTree = "<group>";
		};
		199CB63814FF851C00A16A97 /* Waving */ = {
			isa = PBXGroup;
			children = (
				1903F3E11517717800807542 /* Views */,
				199CB63014FEAABE00A16A97 /* MEXWaveModel.h */,
				199CB63114FEAABF00A16A97 /* MEXWaveModel.m */,
				199CB62914FEA47B00A16A97 /* MEXWavingViewController.h */,
				199CB62A14FEA47C00A16A97 /* MEXWavingViewController.m */,
			);
			name = Waving;
			sourceTree = "<group>";
		};
/* End PBXGroup section */

/* Begin PBXNativeTarget section */
		199CB5FF14FEA3CA00A16A97 /* MexicanWave */ = {
			isa = PBXNativeTarget;
			buildConfigurationList = 199CB61E14FEA3CA00A16A97 /* Build configuration list for PBXNativeTarget "MexicanWave" */;
			buildPhases = (
				199CB5FC14FEA3CA00A16A97 /* Sources */,
				199CB5FD14FEA3CA00A16A97 /* Frameworks */,
				199CB5FE14FEA3CA00A16A97 /* Resources */,
			);
			buildRules = (
			);
			dependencies = (
			);
			name = MexicanWave;
			productName = MexicanWave;
			productReference = 199CB60014FEA3CA00A16A97 /* MexicanWave.app */;
			productType = "com.apple.product-type.application";
		};
/* End PBXNativeTarget section */

/* Begin PBXProject section */
		199CB5F714FEA3CA00A16A97 /* Project object */ = {
			isa = PBXProject;
			attributes = {
				LastUpgradeCheck = 0420;
				ORGANIZATIONNAME = "Yell Group Plc";
			};
			buildConfigurationList = 199CB5FA14FEA3CA00A16A97 /* Build configuration list for PBXProject "MexicanWave" */;
			compatibilityVersion = "Xcode 3.2";
			developmentRegion = English;
			hasScannedForEncodings = 0;
			knownRegions = (
				en,
			);
			mainGroup = 199CB5F514FEA3CA00A16A97;
			productRefGroup = 199CB60114FEA3CA00A16A97 /* Products */;
			projectDirPath = "";
			projectRoot = "";
			targets = (
				199CB5FF14FEA3CA00A16A97 /* MexicanWave */,
			);
		};
/* End PBXProject section */

/* Begin PBXResourcesBuildPhase section */
		199CB5FE14FEA3CA00A16A97 /* Resources */ = {
			isa = PBXResourcesBuildPhase;
			buildActionMask = 2147483647;
			files = (
				196B8E121517B58700DAD14A /* background.png in Resources */,
				196B8E131517B58700DAD14A /* background@2x.png in Resources */,
				196B8E141517B58700DAD14A /* button-l.png in Resources */,
				196B8E151517B58700DAD14A /* button-l@2x.png in Resources */,
				196B8E161517B58700DAD14A /* button-m.png in Resources */,
				196B8E171517B58700DAD14A /* button-m@2x.png in Resources */,
				196B8E181517B58700DAD14A /* button-r.png in Resources */,
				196B8E191517B58700DAD14A /* button-r@2x.png in Resources */,
				196B8E1A1517B58700DAD14A /* button-separator.png in Resources */,
				196B8E1B1517B58700DAD14A /* button-separator@2x.png in Resources */,
				196B8E1C1517B58700DAD14A /* flare.png in Resources */,
				196B8E1D1517B58700DAD14A /* flare@2x.png in Resources */,
				196B8E1E1517B58700DAD14A /* Icon-72.png in Resources */,
				196B8E1F1517B58700DAD14A /* icon-group.png in Resources */,
				196B8E201517B58700DAD14A /* icon-group@2x.png in Resources */,
				196B8E211517B58700DAD14A /* icon-music.png in Resources */,
				196B8E221517B58700DAD14A /* icon-music@2x.png in Resources */,
				196B8E231517B58700DAD14A /* Icon-Small-50.png in Resources */,
				196B8E241517B58700DAD14A /* Icon-Small.png in Resources */,
				196B8E251517B58700DAD14A /* Icon-Small@2x.png in Resources */,
				196B8E261517B58700DAD14A /* icon-stadium.png in Resources */,
				196B8E271517B58700DAD14A /* icon-stadium@2x.png in Resources */,
				196B8E281517B58700DAD14A /* Icon.png in Resources */,
				196B8E291517B58700DAD14A /* Icon@2x.png in Resources */,
				196B8E2A1517B58700DAD14A /* iTunesArtwork.png in Resources */,
				196B8E2B1517B58700DAD14A /* light-blob.png in Resources */,
				196B8E2C1517B58700DAD14A /* light-blob@2x.png in Resources */,
				196B8E4B1518A00100DAD14A /* InfoPlist.strings in Resources */,
				196B8E4C1518A00100DAD14A /* MainWindow.xib in Resources */,
				196B8E4D1518A00100DAD14A /* MEXWavingViewController.xib in Resources */,
				1967B91A1523050700A924D5 /* Settings.bundle in Resources */,
			);
			runOnlyForDeploymentPostprocessing = 0;
		};
/* End PBXResourcesBuildPhase section */

/* Begin PBXSourcesBuildPhase section */
		199CB5FC14FEA3CA00A16A97 /* Sources */ = {
			isa = PBXSourcesBuildPhase;
			buildActionMask = 2147483647;
			files = (
				199CB61114FEA3CA00A16A97 /* main.m in Sources */,
				199CB61514FEA3CA00A16A97 /* MEXAppDelegate.m in Sources */,
				199CB62C14FEA47C00A16A97 /* MEXWavingViewController.m in Sources */,
				199CB63214FEAAC000A16A97 /* MEXWaveModel.m in Sources */,
				199CB63514FF84DE00A16A97 /* MEXCompassModel.m in Sources */,
				1903F3CD1510F23A00807542 /* MEXWaveFxView.m in Sources */,
				1903F3D01510F50C00807542 /* MEXLampView.m in Sources */,
				1903F3D8151236BB00807542 /* MEXCrowdTypeSelectionControl.m in Sources */,
				196B8E331518937400DAD14A /* MEXSegmentButtonControl.m in Sources */,
				1967B91E152311C100A924D5 /* MEXLegacyTorchController.m in Sources */,
			);
			runOnlyForDeploymentPostprocessing = 0;
		};
/* End PBXSourcesBuildPhase section */

/* Begin PBXVariantGroup section */
		196B8E451518A00100DAD14A /* InfoPlist.strings */ = {
			isa = PBXVariantGroup;
			children = (
				196B8E461518A00100DAD14A /* en */,
			);
			name = InfoPlist.strings;
			sourceTree = "<group>";
		};
		196B8E471518A00100DAD14A /* MainWindow.xib */ = {
			isa = PBXVariantGroup;
			children = (
				196B8E481518A00100DAD14A /* en */,
			);
			name = MainWindow.xib;
			sourceTree = "<group>";
		};
		196B8E491518A00100DAD14A /* MEXWavingViewController.xib */ = {
			isa = PBXVariantGroup;
			children = (
				196B8E4A1518A00100DAD14A /* en */,
			);
			name = MEXWavingViewController.xib;
			sourceTree = "<group>";
		};
/* End PBXVariantGroup section */

/* Begin XCBuildConfiguration section */
		199CB61C14FEA3CA00A16A97 /* Debug */ = {
			isa = XCBuildConfiguration;
			buildSettings = {
				ALWAYS_SEARCH_USER_PATHS = NO;
				ARCHS = "$(ARCHS_STANDARD_32_BIT)";
				"CODE_SIGN_IDENTITY[sdk=iphoneos*]" = "iPhone Developer";
				COPY_PHASE_STRIP = NO;
				GCC_C_LANGUAGE_STANDARD = gnu99;
				GCC_DYNAMIC_NO_PIC = NO;
				GCC_OPTIMIZATION_LEVEL = 0;
				GCC_PREPROCESSOR_DEFINITIONS = (
					"DEBUG=1",
					"$(inherited)",
				);
				GCC_SYMBOLS_PRIVATE_EXTERN = NO;
				GCC_VERSION = com.apple.compilers.llvm.clang.1_0;
				GCC_WARN_ABOUT_MISSING_PROTOTYPES = YES;
				GCC_WARN_ABOUT_RETURN_TYPE = YES;
				GCC_WARN_UNUSED_VARIABLE = YES;
				IPHONEOS_DEPLOYMENT_TARGET = 5.0;
				SDKROOT = iphoneos;
			};
			name = Debug;
		};
		199CB61D14FEA3CA00A16A97 /* Release */ = {
			isa = XCBuildConfiguration;
			buildSettings = {
				ALWAYS_SEARCH_USER_PATHS = NO;
				ARCHS = "$(ARCHS_STANDARD_32_BIT)";
				"CODE_SIGN_IDENTITY[sdk=iphoneos*]" = "iPhone Developer";
				COPY_PHASE_STRIP = YES;
				GCC_C_LANGUAGE_STANDARD = gnu99;
				GCC_VERSION = com.apple.compilers.llvm.clang.1_0;
				GCC_WARN_ABOUT_MISSING_PROTOTYPES = YES;
				GCC_WARN_ABOUT_RETURN_TYPE = YES;
				GCC_WARN_UNUSED_VARIABLE = YES;
				IPHONEOS_DEPLOYMENT_TARGET = 5.0;
				OTHER_CFLAGS = "-DNS_BLOCK_ASSERTIONS=1";
				SDKROOT = iphoneos;
				VALIDATE_PRODUCT = YES;
			};
			name = Release;
		};
		199CB61F14FEA3CA00A16A97 /* Debug */ = {
			isa = XCBuildConfiguration;
			buildSettings = {
				FRAMEWORK_SEARCH_PATHS = (
					"$(inherited)",
					"\"$(SRCROOT)/ios-ntp\"",
				);
				GCC_PRECOMPILE_PREFIX_HEADER = YES;
				GCC_PREFIX_HEADER = "MexicanWave/MexicanWave-Prefix.pch";
				INFOPLIST_FILE = "MexicanWave/MexicanWave-Info.plist";
				IPHONEOS_DEPLOYMENT_TARGET = 4.2;
				PRODUCT_NAME = "$(TARGET_NAME)";
				WRAPPER_EXTENSION = app;
			};
			name = Debug;
		};
		199CB62014FEA3CA00A16A97 /* Release */ = {
			isa = XCBuildConfiguration;
			buildSettings = {
				"CODE_SIGN_IDENTITY[sdk=iphoneos*]" = "iPhone Distribution";
				FRAMEWORK_SEARCH_PATHS = (
					"$(inherited)",
					"\"$(SRCROOT)/ios-ntp\"",
				);
				GCC_PRECOMPILE_PREFIX_HEADER = YES;
				GCC_PREFIX_HEADER = "MexicanWave/MexicanWave-Prefix.pch";
				INFOPLIST_FILE = "MexicanWave/MexicanWave-Info.plist";
				IPHONEOS_DEPLOYMENT_TARGET = 4.2;
				PRODUCT_NAME = "$(TARGET_NAME)";
				"PROVISIONING_PROFILE[sdk=iphoneos*]" = "";
				WRAPPER_EXTENSION = app;
			};
			name = Release;
		};
		E254CA1C151338DE00DAB66E /* InHouseDistribution */ = {
			isa = XCBuildConfiguration;
			buildSettings = {
				ALWAYS_SEARCH_USER_PATHS = NO;
				ARCHS = "$(ARCHS_STANDARD_32_BIT)";
				"CODE_SIGN_IDENTITY[sdk=iphoneos*]" = "iPhone Developer";
				COPY_PHASE_STRIP = YES;
				GCC_C_LANGUAGE_STANDARD = gnu99;
				GCC_VERSION = com.apple.compilers.llvm.clang.1_0;
				GCC_WARN_ABOUT_MISSING_PROTOTYPES = YES;
				GCC_WARN_ABOUT_RETURN_TYPE = YES;
				GCC_WARN_UNUSED_VARIABLE = YES;
				IPHONEOS_DEPLOYMENT_TARGET = 5.0;
				OTHER_CFLAGS = "-DNS_BLOCK_ASSERTIONS=1";
				SDKROOT = iphoneos;
				VALIDATE_PRODUCT = YES;
			};
			name = InHouseDistribution;
		};
		E254CA1D151338DE00DAB66E /* InHouseDistribution */ = {
			isa = XCBuildConfiguration;
			buildSettings = {
				"CODE_SIGN_IDENTITY[sdk=iphoneos*]" = "iPhone Distribution";
				FRAMEWORK_SEARCH_PATHS = (
					"$(inherited)",
					"\"$(SRCROOT)/ios-ntp\"",
				);
				GCC_PRECOMPILE_PREFIX_HEADER = YES;
				GCC_PREFIX_HEADER = "MexicanWave/MexicanWave-Prefix.pch";
				INFOPLIST_FILE = "MexicanWave/MexicanWave-Info.plist";
				IPHONEOS_DEPLOYMENT_TARGET = 4.2;
				PRODUCT_NAME = "$(TARGET_NAME)";
				"PROVISIONING_PROFILE[sdk=iphoneos*]" = "";
				WRAPPER_EXTENSION = app;
			};
			name = InHouseDistribution;
		};
/* End XCBuildConfiguration section */

/* Begin XCConfigurationList section */
		199CB5FA14FEA3CA00A16A97 /* Build configuration list for PBXProject "MexicanWave" */ = {
			isa = XCConfigurationList;
			buildConfigurations = (
				199CB61C14FEA3CA00A16A97 /* Debug */,
				199CB61D14FEA3CA00A16A97 /* Release */,
				E254CA1C151338DE00DAB66E /* InHouseDistribution */,
			);
			defaultConfigurationIsVisible = 0;
			defaultConfigurationName = Release;
		};
		199CB61E14FEA3CA00A16A97 /* Build configuration list for PBXNativeTarget "MexicanWave" */ = {
			isa = XCConfigurationList;
			buildConfigurations = (
				199CB61F14FEA3CA00A16A97 /* Debug */,
				199CB62014FEA3CA00A16A97 /* Release */,
				E254CA1D151338DE00DAB66E /* InHouseDistribution */,
			);
			defaultConfigurationIsVisible = 0;
			defaultConfigurationName = Release;
		};
/* End XCConfigurationList section */
	};
	rootObject = 199CB5F714FEA3CA00A16A97 /* Project object */;
}
